
Microsoft Visual Studio Solution File, Format Version 12.00
# Visual Studio Version 16
VisualStudioVersion = 25.0.1706.4
MinimumVisualStudioVersion = 10.0.40219.1
Project("{FAE04EC0-301F-11D3-BF4B-00C04F79EFBC}") = "LML.NPOManagement", "LML.NPOManagement.csproj", "{465D78FF-D791-4BE4-AE8C-C29C40D70C01}"
EndProject
Global
	GlobalSection(SolutionConfigurationPlatforms) = preSolution
		Debug|Any CPU = Debug|Any CPU
		Release|Any CPU = Release|Any CPU
	EndGlobalSection
	GlobalSection(ProjectConfigurationPlatforms) = postSolution
		{465D78FF-D791-4BE4-AE8C-C29C40D70C01}.Debug|Any CPU.ActiveCfg = Debug|Any CPU
		{465D78FF-D791-4BE4-AE8C-C29C40D70C01}.Debug|Any CPU.Build.0 = Debug|Any CPU
		{465D78FF-D791-4BE4-AE8C-C29C40D70C01}.Release|Any CPU.ActiveCfg = Release|Any CPU
		{465D78FF-D791-4BE4-AE8C-C29C40D70C01}.Release|Any CPU.Build.0 = Release|Any CPU
	EndGlobalSection
	GlobalSection(SolutionProperties) = preSolution
		HideSolutionNode = FALSE
	EndGlobalSection
	GlobalSection(ExtensibilityGlobals) = postSolution
		SolutionGuid = {4CC74638-6CF0-4238-92BD-EAFB5BC42123}
	EndGlobalSection
EndGlobal
